
Microsoft Visual Studio Solution File, Format Version 12.00
# Visual Studio Version 16
VisualStudioVersion = 16.0.30621.155
MinimumVisualStudioVersion = 10.0.40219.1
Project("{FAE04EC0-301F-11D3-BF4B-00C04F79EFBC}") = "Hafta 11", "Hafta 11\Hafta 11.csproj", "{093040E0-6978-4BB1-88D7-5C1C8A8E081E}"
EndProject
Global
	GlobalSection(SolutionConfigurationPlatforms) = preSolution
		Debug|Any CPU = Debug|Any CPU
		Release|Any CPU = Release|Any CPU
	EndGlobalSection
	GlobalSection(ProjectConfigurationPlatforms) = postSolution
		{093040E0-6978-4BB1-88D7-5C1C8A8E081E}.Debug|Any CPU.ActiveCfg = Debug|Any CPU
		{093040E0-6978-4BB1-88D7-5C1C8A8E081E}.Debug|Any CPU.Build.0 = Debug|Any CPU
		{093040E0-6978-4BB1-88D7-5C1C8A8E081E}.Release|Any CPU.ActiveCfg = Release|Any CPU
		{093040E0-6978-4BB1-88D7-5C1C8A8E081E}.Release|Any CPU.Build.0 = Release|Any CPU
	EndGlobalSection
	GlobalSection(SolutionProperties) = preSolution
		HideSolutionNode = FALSE
	EndGlobalSection
	GlobalSection(ExtensibilityGlobals) = postSolution
		SolutionGuid = {E9FE3623-05F2-4688-B186-451E3CEC5F7F}
	EndGlobalSection
EndGlobal
